
Microsoft Visual Studio Solution File, Format Version 12.00
Project("{2150E333-8FDC-42A3-9474-1A3956D46DE8}") = "src", "src", "{85005CD9-1B91-4B79-8C45-86DD235E3E26}"
EndProject
Project("{2150E333-8FDC-42A3-9474-1A3956D46DE8}") = "test", "test", "{0F8724C4-688E-41DA-A79B-7AC8396F71A6}"
EndProject
Project("{2150E333-8FDC-42A3-9474-1A3956D46DE8}") = "Common", "Common", "{061B20DB-9EB4-4F14-83A4-C08E28EF3347}"
EndProject
Project("{2150E333-8FDC-42A3-9474-1A3956D46DE8}") = "Modules", "Modules", "{F1EA8CA0-F316-474B-9A6F-F2B5D5F598D2}"
EndProject
Project("{FAE04EC0-301F-11D3-BF4B-00C04F79EFBC}") = "Evently.Application", "Evently.Application\Evently.Application.csproj", "{6B2FA697-8306-46FF-B3C5-7ABC2542056B}"
EndProject
Project("{FAE04EC0-301F-11D3-BF4B-00C04F79EFBC}") = "Evently.Infrastructure", "Evently.Infrastructure\Evently.Infrastructure.csproj", "{016FFC16-66FC-4B25-A409-069475AF735B}"
EndProject
Project("{FAE04EC0-301F-11D3-BF4B-00C04F79EFBC}") = "Evently.Persistence", "Evently.Persistence\Evently.Persistence.csproj", "{887FD38E-63F3-44B4-A845-D14FA4D93E9D}"
EndProject
Project("{FAE04EC0-301F-11D3-BF4B-00C04F79EFBC}") = "Evently.Domain", "Evently.Domain\Evently.Domain.csproj", "{D42A7A16-3F1D-45FD-B7B2-1522463A4F73}"
EndProject
Global
	GlobalSection(SolutionConfigurationPlatforms) = preSolution
		Debug|Any CPU = Debug|Any CPU
		Release|Any CPU = Release|Any CPU
	EndGlobalSection
	GlobalSection(NestedProjects) = preSolution
		{061B20DB-9EB4-4F14-83A4-C08E28EF3347} = {85005CD9-1B91-4B79-8C45-86DD235E3E26}
		{F1EA8CA0-F316-474B-9A6F-F2B5D5F598D2} = {85005CD9-1B91-4B79-8C45-86DD235E3E26}
		{6B2FA697-8306-46FF-B3C5-7ABC2542056B} = {061B20DB-9EB4-4F14-83A4-C08E28EF3347}
		{016FFC16-66FC-4B25-A409-069475AF735B} = {061B20DB-9EB4-4F14-83A4-C08E28EF3347}
		{887FD38E-63F3-44B4-A845-D14FA4D93E9D} = {061B20DB-9EB4-4F14-83A4-C08E28EF3347}
		{D42A7A16-3F1D-45FD-B7B2-1522463A4F73} = {061B20DB-9EB4-4F14-83A4-C08E28EF3347}
	EndGlobalSection
	GlobalSection(ProjectConfigurationPlatforms) = postSolution
		{6B2FA697-8306-46FF-B3C5-7ABC2542056B}.Debug|Any CPU.ActiveCfg = Debug|Any CPU
		{6B2FA697-8306-46FF-B3C5-7ABC2542056B}.Debug|Any CPU.Build.0 = Debug|Any CPU
		{6B2FA697-8306-46FF-B3C5-7ABC2542056B}.Release|Any CPU.ActiveCfg = Release|Any CPU
		{6B2FA697-8306-46FF-B3C5-7ABC2542056B}.Release|Any CPU.Build.0 = Release|Any CPU
		{016FFC16-66FC-4B25-A409-069475AF735B}.Debug|Any CPU.ActiveCfg = Debug|Any CPU
		{016FFC16-66FC-4B25-A409-069475AF735B}.Debug|Any CPU.Build.0 = Debug|Any CPU
		{016FFC16-66FC-4B25-A409-069475AF735B}.Release|Any CPU.ActiveCfg = Release|Any CPU
		{016FFC16-66FC-4B25-A409-069475AF735B}.Release|Any CPU.Build.0 = Release|Any CPU
		{887FD38E-63F3-44B4-A845-D14FA4D93E9D}.Debug|Any CPU.ActiveCfg = Debug|Any CPU
		{887FD38E-63F3-44B4-A845-D14FA4D93E9D}.Debug|Any CPU.Build.0 = Debug|Any CPU
		{887FD38E-63F3-44B4-A845-D14FA4D93E9D}.Release|Any CPU.ActiveCfg = Release|Any CPU
		{887FD38E-63F3-44B4-A845-D14FA4D93E9D}.Release|Any CPU.Build.0 = Release|Any CPU
		{D42A7A16-3F1D-45FD-B7B2-1522463A4F73}.Debug|Any CPU.ActiveCfg = Debug|Any CPU
		{D42A7A16-3F1D-45FD-B7B2-1522463A4F73}.Debug|Any CPU.Build.0 = Debug|Any CPU
		{D42A7A16-3F1D-45FD-B7B2-1522463A4F73}.Release|Any CPU.ActiveCfg = Release|Any CPU
		{D42A7A16-3F1D-45FD-B7B2-1522463A4F73}.Release|Any CPU.Build.0 = Release|Any CPU
	EndGlobalSection
EndGlobal
